{
  "markbot": "9efe86bf2c1bde5c97e5a9285017068e6844936bdcdc8309a353e26c942adcd0",
  "markbotignore": "030a4e6e1b3b6b510514a7ae54576e2c2ef762d56236c6414ef634955d96a126",
  "index.html": "2155d815a5a8844f8dd42670e7c4e94fa7a2225262a79915feeda4680452cf52",
  "css/modules.css": "96346f0f08feef1ab99ea84d10d76c7bdb1bda1939bb0c9c2c4a180dbd2854e8",
  "css/grid.css": "5f3a5494e2f64e4e7aaf83aa5763a57b78d73bb70c85f3812f4bd2d02a12596c",
  "css/type.css": "b3e9aef3c9e78ee7edc49cf2579e54c91052fd1c7b35a0ab27dd6c0aec925e9b",
  "index-320.png": "67f519276f62a9205a193eb3dc718f72a50f36829709f3b123b6674a62ae43cf",
  "index-400.png": "2c5254d73c8bfdbcfe32b2c352054a0fea7083627cc85c66157f4d4541687ee1",
  "index-608.png": "44ba68f3a2e17669ae85713a1db54e7314056da087886dc264ccffa12014a8d9",
  "index-960.png": "f07048c8018485b27d5209426feeed4279180c4a038130b487b46fa4111d1034",
  "index-1440.png": "e3de4c01284148922441e9c7c1a6f97006ac1a88f87155d34af71424754b1e18"
}